
Microsoft Visual Studio Solution File, Format Version 12.00
# Visual Studio Version 16
VisualStudioVersion = 16.0.30711.63
MinimumVisualStudioVersion = 10.0.40219.1
Project("{8BC9CEB8-8B4A-11D0-8D11-00A0C91BC942}") = "task 3.1", "task 3.1\task 3.1.vcxproj", "{DF695AB7-FB55-4D68-BD56-B66E02857D0A}"
EndProject
Global
	GlobalSection(SolutionConfigurationPlatforms) = preSolution
		Debug|x64 = Debug|x64
		Debug|x86 = Debug|x86
		Release|x64 = Release|x64
		Release|x86 = Release|x86
	EndGlobalSection
	GlobalSection(ProjectConfigurationPlatforms) = postSolution
		{DF695AB7-FB55-4D68-BD56-B66E02857D0A}.Debug|x64.ActiveCfg = Debug|x64
		{DF695AB7-FB55-4D68-BD56-B66E02857D0A}.Debug|x64.Build.0 = Debug|x64
		{DF695AB7-FB55-4D68-BD56-B66E02857D0A}.Debug|x86.ActiveCfg = Debug|Win32
		{DF695AB7-FB55-4D68-BD56-B66E02857D0A}.Debug|x86.Build.0 = Debug|Win32
		{DF695AB7-FB55-4D68-BD56-B66E02857D0A}.Release|x64.ActiveCfg = Release|x64
		{DF695AB7-FB55-4D68-BD56-B66E02857D0A}.Release|x64.Build.0 = Release|x64
		{DF695AB7-FB55-4D68-BD56-B66E02857D0A}.Release|x86.ActiveCfg = Release|Win32
		{DF695AB7-FB55-4D68-BD56-B66E02857D0A}.Release|x86.Build.0 = Release|Win32
	EndGlobalSection
	GlobalSection(SolutionProperties) = preSolution
		HideSolutionNode = FALSE
	EndGlobalSection
	GlobalSection(ExtensibilityGlobals) = postSolution
		SolutionGuid = {466E1CA6-BE6E-44A2-9324-9E6485AC77BF}
	EndGlobalSection
EndGlobal
